
Microsoft Visual Studio Solution File, Format Version 12.00
# Visual Studio Version 17
VisualStudioVersion = 17.0.31919.166
MinimumVisualStudioVersion = 10.0.40219.1
Project("{FAE04EC0-301F-11D3-BF4B-00C04F79EFBC}") = "Rose.WebUI", "Rose.WebUI\Rose.WebUI.csproj", "{1478CC31-A301-4828-A537-72B1C1546D9C}"
EndProject
Global
	GlobalSection(SolutionConfigurationPlatforms) = preSolution
		Debug|Any CPU = Debug|Any CPU
		Release|Any CPU = Release|Any CPU
	EndGlobalSection
	GlobalSection(ProjectConfigurationPlatforms) = postSolution
		{1478CC31-A301-4828-A537-72B1C1546D9C}.Debug|Any CPU.ActiveCfg = Debug|Any CPU
		{1478CC31-A301-4828-A537-72B1C1546D9C}.Debug|Any CPU.Build.0 = Debug|Any CPU
		{1478CC31-A301-4828-A537-72B1C1546D9C}.Release|Any CPU.ActiveCfg = Release|Any CPU
		{1478CC31-A301-4828-A537-72B1C1546D9C}.Release|Any CPU.Build.0 = Release|Any CPU
	EndGlobalSection
	GlobalSection(SolutionProperties) = preSolution
		HideSolutionNode = FALSE
	EndGlobalSection
	GlobalSection(ExtensibilityGlobals) = postSolution
		SolutionGuid = {B8DAD25B-CD99-484D-91C9-A773D5A879B3}
	EndGlobalSection
EndGlobal
